
Microsoft Visual Studio Solution File, Format Version 12.00
# Visual Studio Version 17
VisualStudioVersion = 17.0.31521.260
MinimumVisualStudioVersion = 10.0.40219.1
Project("{9A19103F-16F7-4668-BE54-9A1E7A4F7556}") = "Conform", "Conform.csproj", "{8057594B-465B-49C2-A9F3-98A69C220D54}"
EndProject
Global
	GlobalSection(SolutionConfigurationPlatforms) = preSolution
		Debug|Any CPU = Debug|Any CPU
		Debug|x64 = Debug|x64
		Release|Any CPU = Release|Any CPU
		Release|x64 = Release|x64
	EndGlobalSection
	GlobalSection(ProjectConfigurationPlatforms) = postSolution
		{8057594B-465B-49C2-A9F3-98A69C220D54}.Debug|Any CPU.ActiveCfg = Debug|Any CPU
		{8057594B-465B-49C2-A9F3-98A69C220D54}.Debug|Any CPU.Build.0 = Debug|Any CPU
		{8057594B-465B-49C2-A9F3-98A69C220D54}.Debug|x64.ActiveCfg = Debug|x64
		{8057594B-465B-49C2-A9F3-98A69C220D54}.Debug|x64.Build.0 = Debug|x64
		{8057594B-465B-49C2-A9F3-98A69C220D54}.Release|Any CPU.ActiveCfg = Release|Any CPU
		{8057594B-465B-49C2-A9F3-98A69C220D54}.Release|Any CPU.Build.0 = Release|Any CPU
		{8057594B-465B-49C2-A9F3-98A69C220D54}.Release|x64.ActiveCfg = Release|x64
		{8057594B-465B-49C2-A9F3-98A69C220D54}.Release|x64.Build.0 = Release|x64
	EndGlobalSection
	GlobalSection(SolutionProperties) = preSolution
		HideSolutionNode = FALSE
	EndGlobalSection
	GlobalSection(ExtensibilityGlobals) = postSolution
		SolutionGuid = {B584327D-DFCC-42EC-BE9D-08A51818905C}
	EndGlobalSection
EndGlobal
